dependencies:
- name: mongodb
  repository: https://charts.bitnami.com/bitnami
  version: 13.17.2
- name: redis
  repository: https://charts.bitnami.com/bitnami
  version: 18.0.1
- name: prometheus
  repository: https://prometheus-community.github.io/helm-charts
  version: 24.1.0
- name: grafana
  repository: https://grafana.github.io/helm-charts
  version: 6.59.0
- name: loki
  repository: https://grafana.github.io/helm-charts
  version: 5.35.0
digest: sha256:fed8d252a0733fb6b69985b705c1e701a5f1e26b5bacbc3b46f4de80a62a97ad
generated: "2023-10-23T14:50:57.204473+02:00"
